
Microsoft Visual Studio Solution File, Format Version 12.00
# Visual Studio Version 17
VisualStudioVersion = 17.10.35122.118
MinimumVisualStudioVersion = 10.0.40219.1
Project("{FAE04EC0-301F-11D3-BF4B-00C04F79EFBC}") = "EngineCSharp", "EngineCSharp.csproj", "{3795D35B-BCC0-4121-9317-E88772E26D84}"
EndProject
Global
	GlobalSection(SolutionConfigurationPlatforms) = preSolution
		Debug|Any CPU = Debug|Any CPU
		Release|Any CPU = Release|Any CPU
	EndGlobalSection
	GlobalSection(ProjectConfigurationPlatforms) = postSolution
		{3795D35B-BCC0-4121-9317-E88772E26D84}.Debug|Any CPU.ActiveCfg = Debug|Any CPU
		{3795D35B-BCC0-4121-9317-E88772E26D84}.Debug|Any CPU.Build.0 = Debug|Any CPU
		{3795D35B-BCC0-4121-9317-E88772E26D84}.Release|Any CPU.ActiveCfg = Release|Any CPU
		{3795D35B-BCC0-4121-9317-E88772E26D84}.Release|Any CPU.Build.0 = Release|Any CPU
	EndGlobalSection
	GlobalSection(SolutionProperties) = preSolution
		HideSolutionNode = FALSE
	EndGlobalSection
	GlobalSection(ExtensibilityGlobals) = postSolution
		SolutionGuid = {CC45FA63-964F-4FB5-B323-CCF43274C5E1}
	EndGlobalSection
EndGlobal
